{
    "_readme": [
        "This file locks the dependencies of your project to a known state",
        "Read more about it at https://getcomposer.org/doc/01-basic-usage.md#composer-lock-the-lock-file",
        "This file is @generated automatically"
    ],
    "hash": "642d481e43a96e844f6c6ef2bbb8e3e6",
    "content-hash": "d03dc065605368c72f017ce0a2d1459c",
    "packages": [
        {
            "name": "phpdocumentor/reflection-docblock",
            "version": "2.0.4",
            "source": {
                "type": "git",
                "url": "https://github.com/phpDocumentor/ReflectionDocBlock.git",
                "reference": "d68dbdc53dc358a816f00b300704702b2eaff7b8"
            },
            "dist": {
                "type": "zip",
                "url": "https://api.github.com/repos/phpDocumentor/ReflectionDocBlock/zipball/d68dbdc53dc358a816f00b300704702b2eaff7b8",
                "reference": "d68dbdc53dc358a816f00b300704702b2eaff7b8",
                "shasum": ""
            },
            "require": {
                "php": ">=5.3.3"
            },
            "require-dev": {
                "phpunit/phpunit": "~4.0"
            },
            "suggest": {
                "dflydev/markdown": "~1.0",
                "erusev/parsedown": "~1.0"
            },
            "type": "library",
            "extra": {
                "branch-alias": {
                    "dev-master": "2.0.x-dev"
                }
            },
            "autoload": {
                "psr-0": {
                    "phpDocumentor": [
                        "src/"
                    ]
                }
            },
            "notification-url": "https://packagist.org/downloads/",
            "license": [
                "MIT"
            ],
            "authors": [
                {
                    "name": "Mike van Riel",
                    "email": "mike.vanriel@naenius.com"
                }
            ],
            "time": "2015-02-03 12:10:50"
        },
        {
            "name": "psr/log",
            "version": "dev-master",
            "source": {
                "type": "git",
                "url": "https://github.com/php-fig/log.git",
                "reference": "4ebe3a8bf773a19edfe0a84b6585ba3d401b724d"
            },
            "dist": {
                "type": "zip",
                "url": "https://api.github.com/repos/php-fig/log/zipball/4ebe3a8bf773a19edfe0a84b6585ba3d401b724d",
                "reference": "4ebe3a8bf773a19edfe0a84b6585ba3d401b724d",
                "shasum": ""
            },
            "require": {
                "php": ">=5.3.0"
            },
            "type": "library",
            "extra": {
                "branch-alias": {
                    "dev-master": "1.0.x-dev"
                }
            },
            "autoload": {
                "psr-4": {
                    "Psr\\Log\\": "Psr/Log/"
                }
            },
            "notification-url": "https://packagist.org/downloads/",
            "license": [
                "MIT"
            ],
            "authors": [
                {
                    "name": "PHP-FIG",
                    "homepage": "http://www.php-fig.org/"
                }
            ],
            "description": "Common interface for logging libraries",
            "homepage": "https://github.com/php-fig/log",
            "keywords": [
                "log",
                "psr",
                "psr-3"
            ],
            "time": "2016-10-10 12:19:37"
        },
        {
            "name": "rhubarbphp/custard",
            "version": "1.0.9",
            "source": {
                "type": "git",
                "url": "https://github.com/RhubarbPHP/Custard.git",
                "reference": "9bbb26787291013724db4e3b261624efe795a599"
            },
            "dist": {
                "type": "zip",
                "url": "https://api.github.com/repos/RhubarbPHP/Custard/zipball/9bbb26787291013724db4e3b261624efe795a599",
                "reference": "9bbb26787291013724db4e3b261624efe795a599",
                "shasum": ""
            },
            "require": {
                "phpdocumentor/reflection-docblock": "2.0.4",
                "symfony/console": ">=2.7.5"
            },
            "bin": [
                "bin/custard",
                "bin/vcustard"
            ],
            "type": "library",
            "autoload": {
                "psr-4": {
                    "Rhubarb\\Custard\\": "src/",
                    "Rhubarb\\Custard\\Tests\\": "tests/"
                }
            },
            "notification-url": "https://packagist.org/downloads/",
            "license": [
                "Apache-2.0"
            ],
            "description": "Provides command line tools for Rhubarb projects.",
            "homepage": "http://www.rhubarbphp.com/",
            "keywords": [
                "cli",
                "command-line",
                "custard",
                "framework",
                "php",
                "rhubarb",
                "tools"
            ],
            "time": "2016-08-04 21:46:40"
        },
        {
            "name": "rhubarbphp/module-jsvalidation",
            "version": "1.1.2",
            "source": {
                "type": "git",
                "url": "https://github.com/RhubarbPHP/Module.JsValidation.git",
                "reference": "1e098a5f8228b298bbf27afeee43a399c8bd3ce6"
            },
            "dist": {
                "type": "zip",
                "url": "https://api.github.com/repos/RhubarbPHP/Module.JsValidation/zipball/1e098a5f8228b298bbf27afeee43a399c8bd3ce6",
                "reference": "1e098a5f8228b298bbf27afeee43a399c8bd3ce6",
                "shasum": ""
            },
            "type": "library",
            "notification-url": "https://packagist.org/downloads/",
            "license": [
                "Apache 2.0"
            ],
            "description": "Provides javascript validation patterns for HTML forms",
            "time": "2016-11-02 12:32:15"
        },
        {
            "name": "rhubarbphp/module-leaf",
            "version": "1.1.10",
            "source": {
                "type": "git",
                "url": "https://github.com/RhubarbPHP/Module.Leaf.git",
                "reference": "a19156fa721dfa19a769816410321fadd32b4cc9"
            },
            "dist": {
                "type": "zip",
                "url": "https://api.github.com/repos/RhubarbPHP/Module.Leaf/zipball/a19156fa721dfa19a769816410321fadd32b4cc9",
                "reference": "a19156fa721dfa19a769816410321fadd32b4cc9",
                "shasum": ""
            },
            "require": {
                "rhubarbphp/custard": "^1.0.9",
                "rhubarbphp/module-jsvalidation": "^1.0.0",
                "rhubarbphp/rhubarb": "^1.1.0"
            },
            "require-dev": {
                "codeception/codeception": "^2.0.0",
                "pdepend/pdepend": "^2.0.0",
                "phploc/phploc": "^3.0.0",
                "phpmd/phpmd": "^2.0.0",
                "rhubarbphp/module-build-status-updater": "^1.0.5",
                "sebastian/phpcpd": "^2.0.0",
                "squizlabs/php_codesniffer": "^2.0.0",
                "tan-tan-kanarek/github-php-client": "^1.0.0",
                "theseer/phpdox": "*"
            },
            "type": "library",
            "autoload": {
                "psr-4": {
                    "Rhubarb\\Leaf\\": "src/",
                    "Rhubarb\\Leaf\\Tests\\": "tests/unit/"
                }
            },
            "notification-url": "https://packagist.org/downloads/",
            "license": [
                "Apache-2.0"
            ],
            "description": "A nestable user interface building module for the Rhubarb PHP framework based upon the model-view-presenter pattern.",
            "homepage": "http://www.rhubarbphp.com/",
            "keywords": [
                "framework",
                "leaf",
                "mvp",
                "php",
                "presenter",
                "rhubarb"
            ],
            "time": "2016-09-19 15:05:06"
        },
        {
            "name": "rhubarbphp/module-leaf-common-controls",
            "version": "1.0.9",
            "source": {
                "type": "git",
                "url": "https://github.com/RhubarbPHP/Module.Leaf.CommonControls.git",
                "reference": "544c96d6632493ffab909855f3cab3e6954214d5"
            },
            "dist": {
                "type": "zip",
                "url": "https://api.github.com/repos/RhubarbPHP/Module.Leaf.CommonControls/zipball/544c96d6632493ffab909855f3cab3e6954214d5",
                "reference": "544c96d6632493ffab909855f3cab3e6954214d5",
                "shasum": ""
            },
            "require": {
                "rhubarbphp/module-leaf": "^1.1.2"
            },
            "type": "library",
            "autoload": {
                "psr-4": {
                    "Rhubarb\\Leaf\\Controls\\Common\\": "src/"
                }
            },
            "notification-url": "https://packagist.org/downloads/",
            "license": [
                "Apache-2.0"
            ],
            "description": "Common form control leaves for the leaf module of Rhubarb",
            "homepage": "http://www.rhubarbphp.com/",
            "keywords": [
                "framework",
                "leaf",
                "mvp",
                "php",
                "presenter",
                "rhubarb"
            ],
            "time": "2016-10-14 14:10:38"
        },
        {
            "name": "rhubarbphp/module-leaf-crud",
            "version": "1.0.3",
            "source": {
                "type": "git",
                "url": "https://github.com/RhubarbPHP/Module.Leaf.Crud.git",
                "reference": "4354bfa723eade9adcf58250838bd3d4aeee2368"
            },
            "dist": {
                "type": "zip",
                "url": "https://api.github.com/repos/RhubarbPHP/Module.Leaf.Crud/zipball/4354bfa723eade9adcf58250838bd3d4aeee2368",
                "reference": "4354bfa723eade9adcf58250838bd3d4aeee2368",
                "shasum": ""
            },
            "require": {
                "rhubarbphp/module-leaf": "^1.1.2",
                "rhubarbphp/module-stem": "^1.0.0"
            },
            "type": "library",
            "autoload": {
                "psr-4": {
                    "Rhubarb\\Leaf\\Crud\\": "src/"
                }
            },
            "notification-url": "https://packagist.org/downloads/",
            "license": [
                "Apache-2.0"
            ],
            "description": "Provides some patterns for CRUD application development.",
            "homepage": "http://www.rhubarbphp.com/",
            "keywords": [
                "framework",
                "patterns",
                "php",
                "rhubarb"
            ],
            "time": "2016-10-26 12:37:18"
        },
        {
            "name": "rhubarbphp/module-leaf-paging",
            "version": "1.0.3",
            "source": {
                "type": "git",
                "url": "https://github.com/RhubarbPHP/Module.Leaf.Paging.git",
                "reference": "50de7199314a117b3668effdf58eba8b06fe59de"
            },
            "dist": {
                "type": "zip",
                "url": "https://api.github.com/repos/RhubarbPHP/Module.Leaf.Paging/zipball/50de7199314a117b3668effdf58eba8b06fe59de",
                "reference": "50de7199314a117b3668effdf58eba8b06fe59de",
                "shasum": ""
            },
            "require": {
                "rhubarbphp/module-leaf": "^1.1.2",
                "rhubarbphp/module-stem": "^1.0.0"
            },
            "type": "library",
            "autoload": {
                "psr-4": {
                    "Rhubarb\\Leaf\\Paging\\": "src/"
                }
            },
            "notification-url": "https://packagist.org/downloads/",
            "license": [
                "Apache-2.0"
            ],
            "description": "Provides paging patterns leaf development.",
            "homepage": "http://www.rhubarbphp.com/",
            "keywords": [
                "framework",
                "paging",
                "php",
                "rhubarb"
            ],
            "time": "2016-08-23 09:29:04"
        },
        {
            "name": "rhubarbphp/module-leaf-search-panel",
            "version": "1.0.0",
            "source": {
                "type": "git",
                "url": "https://github.com/RhubarbPHP/Module.Leaf.SearchPanel.git",
                "reference": "7ae20777c5dc7f1c199ba339ca091b152909a64f"
            },
            "dist": {
                "type": "zip",
                "url": "https://api.github.com/repos/RhubarbPHP/Module.Leaf.SearchPanel/zipball/7ae20777c5dc7f1c199ba339ca091b152909a64f",
                "reference": "7ae20777c5dc7f1c199ba339ca091b152909a64f",
                "shasum": ""
            },
            "require": {
                "rhubarbphp/module-leaf": "^1.0.1",
                "rhubarbphp/module-leaf-common-controls": "^1.0.0",
                "rhubarbphp/module-stem": "^1.0.0"
            },
            "type": "library",
            "extra": {
                "branch-alias": {
                    "dev-master": "1.0.0-dev"
                }
            },
            "autoload": {
                "psr-4": {
                    "Rhubarb\\Leaf\\SearchPanel\\": "src/"
                }
            },
            "notification-url": "https://packagist.org/downloads/",
            "license": [
                "Apache-2.0"
            ],
            "description": "A container for presenting a search interface that can populate collection filters.",
            "homepage": "http://www.rhubarbphp.com/",
            "keywords": [
                "framework",
                "leaf",
                "mvp",
                "php",
                "presenter",
                "rhubarb"
            ],
            "time": "2016-08-04 22:31:48"
        },
        {
            "name": "rhubarbphp/module-leaf-table",
            "version": "dev-master",
            "source": {
                "type": "git",
                "url": "https://github.com/RhubarbPHP/Module.Leaf.Table.git",
                "reference": "8c5d168c0cf5af41fb2817ae20935d04a88e49a4"
            },
            "dist": {
                "type": "zip",
                "url": "https://api.github.com/repos/RhubarbPHP/Module.Leaf.Table/zipball/8c5d168c0cf5af41fb2817ae20935d04a88e49a4",
                "reference": "8c5d168c0cf5af41fb2817ae20935d04a88e49a4",
                "shasum": ""
            },
            "require": {
                "rhubarbphp/module-leaf": "^1.1.0",
                "rhubarbphp/module-leaf-paging": "^1.0.3",
                "rhubarbphp/module-stem": "^1.3.7"
            },
            "type": "library",
            "autoload": {
                "psr-4": {
                    "Rhubarb\\Leaf\\Table\\": "src/"
                }
            },
            "notification-url": "https://packagist.org/downloads/",
            "license": [
                "Apache-2.0"
            ],
            "description": "A table leaf for presenting sortable tabular data.",
            "homepage": "http://www.rhubarbphp.com/",
            "keywords": [
                "framework",
                "leaf",
                "mvp",
                "php",
                "presenter",
                "rhubarb"
            ],
            "time": "2016-11-07 10:35:01"
        },
        {
            "name": "rhubarbphp/module-leaf-tabs",
            "version": "1.0.1",
            "source": {
                "type": "git",
                "url": "https://github.com/RhubarbPHP/Module.Leaf.Tabs.git",
                "reference": "e0b26339754ddc00f6321f4a2da8c9dcd0db6b79"
            },
            "dist": {
                "type": "zip",
                "url": "https://api.github.com/repos/RhubarbPHP/Module.Leaf.Tabs/zipball/e0b26339754ddc00f6321f4a2da8c9dcd0db6b79",
                "reference": "e0b26339754ddc00f6321f4a2da8c9dcd0db6b79",
                "shasum": ""
            },
            "require": {
                "rhubarbphp/module-leaf": "^1.1.0"
            },
            "type": "library",
            "autoload": {
                "psr-4": {
                    "Rhubarb\\Leaf\\Tabs\\": "src/"
                }
            },
            "notification-url": "https://packagist.org/downloads/",
            "license": [
                "Apache-2.0"
            ],
            "description": "A leaf for providing interactable tabs.",
            "homepage": "http://www.rhubarbphp.com/",
            "keywords": [
                "framework",
                "leaf",
                "mvp",
                "php",
                "presenter",
                "rhubarb"
            ],
            "time": "2016-08-24 12:01:39"
        },
        {
            "name": "rhubarbphp/module-patterns",
            "version": "dev-develop",
            "source": {
                "type": "git",
                "url": "https://github.com/RhubarbPHP/Module.Patterns.git",
                "reference": "191be099a43c69165ee7458a4f73aad31af896a8"
            },
            "dist": {
                "type": "zip",
                "url": "https://api.github.com/repos/RhubarbPHP/Module.Patterns/zipball/191be099a43c69165ee7458a4f73aad31af896a8",
                "reference": "191be099a43c69165ee7458a4f73aad31af896a8",
                "shasum": ""
            },
            "require": {
                "rhubarbphp/module-stem": "*",
                "rhubarbphp/rhubarb": "*"
            },
            "require-dev": {
                "phpunit/phpunit": "3.*"
            },
            "type": "library",
            "autoload": {
                "psr-4": {
                    "Rhubarb\\Patterns\\": "src/",
                    "Rhubarb\\Patterns\\Tests\\": "tests/"
                }
            },
            "notification-url": "https://packagist.org/downloads/",
            "license": [
                "Apache-2.0"
            ],
            "description": "Provides some common user interface and design patterns.",
            "homepage": "http://www.rhubarbphp.com/",
            "keywords": [
                "framework",
                "patterns",
                "php",
                "rhubarb"
            ],
            "time": "2016-08-17 08:46:39"
        },
        {
            "name": "rhubarbphp/module-stem",
            "version": "1.3.15",
            "source": {
                "type": "git",
                "url": "https://github.com/RhubarbPHP/Module.Stem.git",
                "reference": "7d3afb5402e8ae0e8a989d6aa7e22336d36c2467"
            },
            "dist": {
                "type": "zip",
                "url": "https://api.github.com/repos/RhubarbPHP/Module.Stem/zipball/7d3afb5402e8ae0e8a989d6aa7e22336d36c2467",
                "reference": "7d3afb5402e8ae0e8a989d6aa7e22336d36c2467",
                "shasum": ""
            },
            "require": {
                "rhubarbphp/rhubarb": "^1.1.0"
            },
            "require-dev": {
                "codeception/codeception": "2.1.8",
                "pdepend/pdepend": "^2.0.0",
                "phploc/phploc": "^3.0.0",
                "phpmd/phpmd": "^2.0.0",
                "rhubarbphp/custard": "^1.0.0",
                "rhubarbphp/module-build-status-updater": "^1.0.4",
                "sebastian/phpcpd": "^2.0.0",
                "squizlabs/php_codesniffer": "^2.0.0",
                "tan-tan-kanarek/github-php-client": "^1.0.0",
                "theseer/phpdox": "*"
            },
            "type": "library",
            "autoload": {
                "psr-4": {
                    "Rhubarb\\Stem\\": "src/",
                    "Rhubarb\\Stem\\Tests\\": "tests/"
                }
            },
            "notification-url": "https://packagist.org/downloads/",
            "license": [
                "Apache-2.0"
            ],
            "description": "A data modelling and ORM module for the Rhubarb PHP framework",
            "homepage": "http://www.rhubarbphp.com/",
            "keywords": [
                "Modelling",
                "data",
                "framework",
                "model",
                "orm",
                "php"
            ],
            "time": "2016-10-28 14:49:15"
        },
        {
            "name": "rhubarbphp/rhubarb",
            "version": "1.1.16",
            "source": {
                "type": "git",
                "url": "https://github.com/RhubarbPHP/Rhubarb.git",
                "reference": "26959d9c9bec643c916f4e26d8381ee5497bf8fc"
            },
            "dist": {
                "type": "zip",
                "url": "https://api.github.com/repos/RhubarbPHP/Rhubarb/zipball/26959d9c9bec643c916f4e26d8381ee5497bf8fc",
                "reference": "26959d9c9bec643c916f4e26d8381ee5497bf8fc",
                "shasum": ""
            },
            "require": {
                "php": ">=5.6.0"
            },
            "require-dev": {
                "codeception/codeception": "^2.0.0",
                "pdepend/pdepend": "^2.0.0",
                "phploc/phploc": "^3.0.0",
                "phpmd/phpmd": "^2.0.0",
                "rhubarbphp/custard": "^1.0.9",
                "rhubarbphp/module-build-status-updater": "^1.0.5",
                "sebastian/phpcpd": "^2.0.0",
                "squizlabs/php_codesniffer": "^2.0.0",
                "theseer/phpdox": "0.8.1.1"
            },
            "type": "library",
            "autoload": {
                "psr-4": {
                    "Rhubarb\\Crown\\": "src/",
                    "Rhubarb\\Crown\\Tests\\": "tests/"
                }
            },
            "notification-url": "https://packagist.org/downloads/",
            "license": [
                "Apache-2.0"
            ],
            "description": "A modern enterprise ready PHP framework",
            "homepage": "http://www.rhubarbphp.com/",
            "keywords": [
                "framework",
                "php"
            ],
            "time": "2016-11-07 16:18:28"
        },
        {
            "name": "rhubarbphp/scaffold-authentication",
            "version": "dev-feature/ProtectedUrls",
            "source": {
                "type": "git",
                "url": "https://github.com/RhubarbPHP/Scaffold.Authentication.git",
                "reference": "407825e6108bd1c633b4eb49f7020d1fd76caf04"
            },
            "dist": {
                "type": "zip",
                "url": "https://api.github.com/repos/RhubarbPHP/Scaffold.Authentication/zipball/407825e6108bd1c633b4eb49f7020d1fd76caf04",
                "reference": "407825e6108bd1c633b4eb49f7020d1fd76caf04",
                "shasum": ""
            },
            "require": {
                "rhubarbphp/module-leaf": "*",
                "rhubarbphp/module-leaf-common-controls": "*",
                "rhubarbphp/module-stem": "*",
                "rhubarbphp/rhubarb": "*"
            },
            "require-dev": {
                "phpunit/phpunit": "3.*"
            },
            "type": "library",
            "autoload": {
                "psr-4": {
                    "Rhubarb\\Scaffolds\\Authentication\\": "src/",
                    "Rhubarb\\Scaffolds\\Authentication\\Tests\\": "tests/"
                }
            },
            "notification-url": "https://packagist.org/downloads/",
            "license": [
                "Apache-2.0"
            ],
            "description": "Provides some an out of the box solution for login and authentication.",
            "homepage": "http://www.rhubarbphp.com/",
            "keywords": [
                "Authentication",
                "framework",
                "php",
                "rhubarb"
            ],
            "time": "2016-10-12 15:24:03"
        },
        {
            "name": "rhubarbphp/scaffold-authentication-with-roles",
            "version": "v1.0",
            "source": {
                "type": "git",
                "url": "https://github.com/RhubarbPHP/Scaffold.AuthenticationWithRoles.git",
                "reference": "065f107d22b763b07e9c4a3c0adb4481ceb4cb3a"
            },
            "dist": {
                "type": "zip",
                "url": "https://api.github.com/repos/RhubarbPHP/Scaffold.AuthenticationWithRoles/zipball/065f107d22b763b07e9c4a3c0adb4481ceb4cb3a",
                "reference": "065f107d22b763b07e9c4a3c0adb4481ceb4cb3a",
                "shasum": ""
            },
            "require": {
                "rhubarbphp/rhubarb": "*",
                "rhubarbphp/scaffold-authentication": "*"
            },
            "require-dev": {
                "phpunit/phpunit": "3.*"
            },
            "type": "library",
            "autoload": {
                "psr-4": {
                    "Rhubarb\\Scaffolds\\AuthenticationWithRoles\\": "src/",
                    "Rhubarb\\Scaffolds\\AuthenticationWithRoles\\Tests\\": "tests/"
                }
            },
            "notification-url": "https://packagist.org/downloads/",
            "license": [
                "Apache-2.0"
            ],
            "description": "Extends the basic authentication scaffold with groups and role based permissions.",
            "homepage": "http://www.rhubarbphp.com/",
            "keywords": [
                "Authentication",
                "framework",
                "php",
                "rhubarb"
            ],
            "time": "2015-02-23 21:27:38"
        },
        {
            "name": "rhubarbphp/scaffold-repository-log",
            "version": "dev-master",
            "source": {
                "type": "git",
                "url": "https://github.com/RhubarbPHP/Scaffold.RepositoryLog.git",
                "reference": "7e54f6a1553d3baff7c2fd58c97e022ad1c2c8d3"
            },
            "dist": {
                "type": "zip",
                "url": "https://api.github.com/repos/RhubarbPHP/Scaffold.RepositoryLog/zipball/7e54f6a1553d3baff7c2fd58c97e022ad1c2c8d3",
                "reference": "7e54f6a1553d3baff7c2fd58c97e022ad1c2c8d3",
                "shasum": ""
            },
            "require": {
                "rhubarbphp/module-stem": "*",
                "rhubarbphp/rhubarb": ">1.0"
            },
            "type": "library",
            "autoload": {
                "psr-4": {
                    "Rhubarb\\Scaffolds\\RepositoryLog\\": "src/",
                    "Rhubarb\\Scaffolds\\RepositoryLog\\Tests\\": "tests/"
                }
            },
            "notification-url": "https://packagist.org/downloads/",
            "license": [
                "Apache-2.0"
            ],
            "description": "A module for writing Rhubarb Log entries to a data repository",
            "homepage": "http://www.rhubarbphp.com/",
            "keywords": [
                "database",
                "framework",
                "log",
                "mysql",
                "php",
                "repository",
                "rhubarb"
            ],
            "time": "2016-10-17 10:27:45"
        },
        {
            "name": "rojr/super-cms",
            "version": "dev-master",
            "source": {
                "type": "git",
                "url": "https://github.com/rojr/SuperCMS.git",
                "reference": "9fcb7563301ed6a773622ca74ddefdeaf47b669a"
            },
            "dist": {
                "type": "zip",
                "url": "https://api.github.com/repos/rojr/SuperCMS/zipball/9fcb7563301ed6a773622ca74ddefdeaf47b669a",
                "reference": "9fcb7563301ed6a773622ca74ddefdeaf47b669a",
                "shasum": ""
            },
            "require": {
                "rhubarbphp/module-leaf": "^1.1.10",
                "rhubarbphp/module-leaf-common-controls": "1.0.9",
                "rhubarbphp/module-leaf-crud": "^1.0.0",
                "rhubarbphp/module-leaf-search-panel": "1.0.0",
                "rhubarbphp/module-leaf-table": "*",
                "rhubarbphp/module-leaf-tabs": "^1.0.0",
                "rhubarbphp/module-patterns": "dev-develop",
                "rhubarbphp/module-stem": "^1.3.14",
                "rhubarbphp/rhubarb": "^1.1.9",
                "rhubarbphp/scaffold-authentication": "feature/ProtectedUrls-dev as 1.0.2",
                "rhubarbphp/scaffold-authentication-with-roles": "*",
                "rhubarbphp/scaffold-repository-log": "dev-master",
                "twbs/bootstrap": "^3.3"
            },
            "type": "library",
            "autoload": {
                "psr-4": {
                    "SuperCMS\\": "src/"
                }
            },
            "notification-url": "https://packagist.org/downloads/",
            "license": [
                "Apache 2.0"
            ],
            "time": "2016-11-09 00:40:47"
        },
        {
            "name": "symfony/console",
            "version": "dev-master",
            "source": {
                "type": "git",
                "url": "https://github.com/symfony/console.git",
                "reference": "5934ab27e27ea66a57c1879e397299221b7f53e9"
            },
            "dist": {
                "type": "zip",
                "url": "https://api.github.com/repos/symfony/console/zipball/5934ab27e27ea66a57c1879e397299221b7f53e9",
                "reference": "5934ab27e27ea66a57c1879e397299221b7f53e9",
                "shasum": ""
            },
            "require": {
                "php": ">=5.5.9",
                "symfony/debug": "~2.8|~3.0",
                "symfony/polyfill-mbstring": "~1.0"
            },
            "require-dev": {
                "psr/log": "~1.0",
                "symfony/event-dispatcher": "~2.8|~3.0",
                "symfony/filesystem": "~2.8|~3.0",
                "symfony/process": "~2.8|~3.0"
            },
            "suggest": {
                "psr/log": "For using the console logger",
                "symfony/event-dispatcher": "",
                "symfony/filesystem": "",
                "symfony/process": ""
            },
            "type": "library",
            "extra": {
                "branch-alias": {
                    "dev-master": "3.2-dev"
                }
            },
            "autoload": {
                "psr-4": {
                    "Symfony\\Component\\Console\\": ""
                },
                "exclude-from-classmap": [
                    "/Tests/"
                ]
            },
            "notification-url": "https://packagist.org/downloads/",
            "license": [
                "MIT"
            ],
            "authors": [
                {
                    "name": "Fabien Potencier",
                    "email": "fabien@symfony.com"
                },
                {
                    "name": "Symfony Community",
                    "homepage": "https://symfony.com/contributors"
                }
            ],
            "description": "Symfony Console Component",
            "homepage": "https://symfony.com",
            "time": "2016-11-06 16:27:54"
        },
        {
            "name": "symfony/debug",
            "version": "dev-master",
            "source": {
                "type": "git",
                "url": "https://github.com/symfony/debug.git",
                "reference": "6a4b5ee6a705a8975aa4d6c0ff0ecf830c6e677c"
            },
            "dist": {
                "type": "zip",
                "url": "https://api.github.com/repos/symfony/debug/zipball/6a4b5ee6a705a8975aa4d6c0ff0ecf830c6e677c",
                "reference": "6a4b5ee6a705a8975aa4d6c0ff0ecf830c6e677c",
                "shasum": ""
            },
            "require": {
                "php": ">=5.5.9",
                "psr/log": "~1.0"
            },
            "conflict": {
                "symfony/http-kernel": ">=2.3,<2.3.24|~2.4.0|>=2.5,<2.5.9|>=2.6,<2.6.2"
            },
            "require-dev": {
                "symfony/class-loader": "~2.8|~3.0",
                "symfony/http-kernel": "~2.8|~3.0"
            },
            "type": "library",
            "extra": {
                "branch-alias": {
                    "dev-master": "3.2-dev"
                }
            },
            "autoload": {
                "psr-4": {
                    "Symfony\\Component\\Debug\\": ""
                },
                "exclude-from-classmap": [
                    "/Tests/"
                ]
            },
            "notification-url": "https://packagist.org/downloads/",
            "license": [
                "MIT"
            ],
            "authors": [
                {
                    "name": "Fabien Potencier",
                    "email": "fabien@symfony.com"
                },
                {
                    "name": "Symfony Community",
                    "homepage": "https://symfony.com/contributors"
                }
            ],
            "description": "Symfony Debug Component",
            "homepage": "https://symfony.com",
            "time": "2016-11-03 08:11:03"
        },
        {
            "name": "symfony/polyfill-mbstring",
            "version": "dev-master",
            "source": {
                "type": "git",
                "url": "https://github.com/symfony/polyfill-mbstring.git",
                "reference": "53ad9faffe141fbe8f98cd6a7fd9a5e84513f56c"
            },
            "dist": {
                "type": "zip",
                "url": "https://api.github.com/repos/symfony/polyfill-mbstring/zipball/53ad9faffe141fbe8f98cd6a7fd9a5e84513f56c",
                "reference": "53ad9faffe141fbe8f98cd6a7fd9a5e84513f56c",
                "shasum": ""
            },
            "require": {
                "php": ">=5.3.3"
            },
            "suggest": {
                "ext-mbstring": "For best performance"
            },
            "type": "library",
            "extra": {
                "branch-alias": {
                    "dev-master": "1.2-dev"
                }
            },
            "autoload": {
                "psr-4": {
                    "Symfony\\Polyfill\\Mbstring\\": ""
                },
                "files": [
                    "bootstrap.php"
                ]
            },
            "notification-url": "https://packagist.org/downloads/",
            "license": [
                "MIT"
            ],
            "authors": [
                {
                    "name": "Nicolas Grekas",
                    "email": "p@tchwork.com"
                },
                {
                    "name": "Symfony Community",
                    "homepage": "https://symfony.com/contributors"
                }
            ],
            "description": "Symfony polyfill for the Mbstring extension",
            "homepage": "https://symfony.com",
            "keywords": [
                "compatibility",
                "mbstring",
                "polyfill",
                "portable",
                "shim"
            ],
            "time": "2016-08-30 17:06:17"
        },
        {
            "name": "twbs/bootstrap",
            "version": "dev-master",
            "source": {
                "type": "git",
                "url": "https://github.com/twbs/bootstrap.git",
                "reference": "9b7d1406b922300c5d01e99026e4fffc67445185"
            },
            "dist": {
                "type": "zip",
                "url": "https://api.github.com/repos/twbs/bootstrap/zipball/9b7d1406b922300c5d01e99026e4fffc67445185",
                "reference": "9b7d1406b922300c5d01e99026e4fffc67445185",
                "shasum": ""
            },
            "replace": {
                "twitter/bootstrap": "self.version"
            },
            "type": "library",
            "extra": {
                "branch-alias": {
                    "dev-master": "3.3.x-dev"
                }
            },
            "notification-url": "https://packagist.org/downloads/",
            "license": [
                "MIT"
            ],
            "authors": [
                {
                    "name": "Jacob Thornton",
                    "email": "jacobthornton@gmail.com"
                },
                {
                    "name": "Mark Otto",
                    "email": "markdotto@gmail.com"
                }
            ],
            "description": "The most popular front-end framework for developing responsive, mobile first projects on the web.",
            "homepage": "http://getbootstrap.com",
            "keywords": [
                "JS",
                "css",
                "framework",
                "front-end",
                "less",
                "mobile-first",
                "responsive",
                "web"
            ],
            "time": "2016-09-22 10:06:30"
        }
    ],
    "packages-dev": [],
    "aliases": [],
    "minimum-stability": "dev",
    "stability-flags": {
        "rojr/super-cms": 20
    },
    "prefer-stable": false,
    "prefer-lowest": false,
    "platform": [],
    "platform-dev": []
}
